
Microsoft Visual Studio Solution File, Format Version 12.00
# Visual Studio Version 17
VisualStudioVersion = 17.8.34330.188
MinimumVisualStudioVersion = 10.0.40219.1
Project("{9A19103F-16F7-4668-BE54-9A1E7A4F7556}") = "StudentPerformanceManagment", "StudentPerformanceManagment.csproj", "{B91B2356-8F8B-4197-A730-29224B95A538}"
EndProject
Project("{FAE04EC0-301F-11D3-BF4B-00C04F79EFBC}") = "EmailService", "..\..\..\..\..\..\IIT-08-C-DotNet\Project\EmailService\EmailService.csproj", "{AD617CD5-5648-F3D6-9C4D-A42BDF8D1F02}"
EndProject
Global
	GlobalSection(SolutionConfigurationPlatforms) = preSolution
		Debug|Any CPU = Debug|Any CPU
		Release|Any CPU = Release|Any CPU
	EndGlobalSection
	GlobalSection(ProjectConfigurationPlatforms) = postSolution
		{B91B2356-8F8B-4197-A730-29224B95A538}.Debug|Any CPU.ActiveCfg = Debug|Any CPU
		{B91B2356-8F8B-4197-A730-29224B95A538}.Debug|Any CPU.Build.0 = Debug|Any CPU
		{B91B2356-8F8B-4197-A730-29224B95A538}.Release|Any CPU.ActiveCfg = Release|Any CPU
		{B91B2356-8F8B-4197-A730-29224B95A538}.Release|Any CPU.Build.0 = Release|Any CPU
		{AD617CD5-5648-F3D6-9C4D-A42BDF8D1F02}.Debug|Any CPU.ActiveCfg = Debug|Any CPU
		{AD617CD5-5648-F3D6-9C4D-A42BDF8D1F02}.Debug|Any CPU.Build.0 = Debug|Any CPU
		{AD617CD5-5648-F3D6-9C4D-A42BDF8D1F02}.Release|Any CPU.ActiveCfg = Release|Any CPU
		{AD617CD5-5648-F3D6-9C4D-A42BDF8D1F02}.Release|Any CPU.Build.0 = Release|Any CPU
	EndGlobalSection
	GlobalSection(SolutionProperties) = preSolution
		HideSolutionNode = FALSE
	EndGlobalSection
	GlobalSection(ExtensibilityGlobals) = postSolution
		SolutionGuid = {99190EDA-A972-41D9-A941-B8E1E18F84A7}
	EndGlobalSection
EndGlobal
